github.com/MeKo-Christian/algo-fft v0.5.1 h1:wFmZ5GGNcgKo+OWfAMbF1Uh5MoY3dg458xicEfkhEIM=
github.com/MeKo-Christian/algo-fft v0.5.1/go.mod h1:kOyncsY00JWPZZrmtRo4+1AckmOzvVhTqvQP7CE1ylI=
github.com/meko-christian/go-fftw v0.0.0-20251231164450-5e4b0d6000a5 h1:JXhYt0G38zAP2kuYUmYdV/ULpNvXD06/B9K6TIY1Yrs=
github.com/meko-christian/go-fftw v0.0.0-20251231164450-5e4b0d6000a5/go.mod h1:cv4QOJufv8Vod9U37vx07zAAqM7ajS4G6viOH8yrTWg=
github.com/mjibson/go-dsp v0.0.0-20180508042940-11479a337f12 h1:dd7vnTDfjtwCETZDrRe+GPYNLA1jBtbZeyfyE8eZCyk=
github.com/mjibson/go-dsp v0.0.0-20180508042940-11479a337f12/go.mod h1:i/KKcxEWEO8Yyl11DYafRPKOPVYTrhxiTRigjtEEXZU=
github.com/takatoh/fft v1.3.1 h1:ceIqTnpHhEtTx9TLzCZk4IMFPjmyLAGOuDhJyM8TtcI=
github.com/takatoh/fft v1.3.1/go.mod h1:3fyQd3uNvCVhtUSUHBegMOc9STt0Qj1AC9MDpr2eA9I=
golang.org/x/sys v0.39.0 h1:CvCKL8MeisomCi6qNZ+wbb0DN9E5AATixKsvNtMoMFk=
golang.org/x/sys v0.39.0/go.mod h1:OgkHotnGiDImocRcuBABYBEXf8A9a87e/uXjp9XT3ks=
gonum.org/v1/gonum v0.16.0 h1:5+ul4Swaf3ESvrOnidPp4GZbzf0mxVQpDCYUQE7OJfk=
gonum.org/v1/gonum v0.16.0/go.mod h1:fef3am4MQ93R2HHpKnLk4/Tbh/s0+wqD5nfa6Pnwy4E=
