codeberg.org/go-fonts/dejavu v0.4.0 h1:2yn58Vkh4CFK3ipacWUAIE3XVBGNa0y1bc95Bmfx91I=
codeberg.org/go-fonts/dejavu v0.4.0/go.mod h1:abni088lmhQJvso2Lsb7azCKzwkfcnttl6tL1UTWKzg=
gioui.org v0.10.0 h1:kV6NKGbEp0JSPLtgoT/xk5dMexVDzvEOErXA40gUxrU=
gioui.org v0.10.0/go.mod h1:MZJZsdEPkTBzChdqeE8CiiQhreUQBj43qusDxQNDf7k=
gioui.org/shader v1.0.8 h1:6ks0o/A+b0ne7RzEqRZK5f4Gboz2CfG+mVliciy6+qA=
gioui.org/shader v1.0.8/go.mod h1:mWdiME581d/kV7/iEhLmUgUK5iZ09XR5XpduXzbePVM=
github.com/cwbudde/agg_go v0.3.2 h1:CR1crhhnALHSxZ57clwOGgLx07HEHGlpoXZ5umYun9c=
github.com/cwbudde/agg_go v0.3.2/go.mod h1:v3HUTqN3emwGwTyx6v9ex0ZELB/PfxxtuLL4L3dcD6g=
github.com/cwbudde/algo-fft v0.7.0 h1:k5zteU6FoALn+PDkTC5gn1A3gry3e0pajuIOR+UxP5I=
github.com/cwbudde/algo-fft v0.7.0/go.mod h1:H5rJ7JNXvhe3kT4yc41TJB9DEnO7KlhHN7toLO+ZZXU=
github.com/cwbudde/algo-fft v0.7.2 h1:OtEpmuwGbYUj/Ot38j34mA2jZRu0FsAuWKVd9SjonRc=
github.com/cwbudde/algo-fft v0.7.2/go.mod h1:H5rJ7JNXvhe3kT4yc41TJB9DEnO7KlhHN7toLO+ZZXU=
github.com/cwbudde/algo-fft v0.7.3 h1:1MDkBhgo/hhigpbTMDvcXZpMaW0ubz844IL6rDL/Bms=
github.com/cwbudde/algo-fft v0.7.3/go.mod h1:H5rJ7JNXvhe3kT4yc41TJB9DEnO7KlhHN7toLO+ZZXU=
github.com/cwbudde/go-fftw v0.0.0-20260418165213-243f87785b6a h1:FFix1vwyR6RYyG0qFksgXESPK5d1aKTNXsOXMx/1A9Y=
github.com/cwbudde/go-fftw v0.0.0-20260418165213-243f87785b6a/go.mod h1:K2Hh+8UEYV212UVztRtEKdR4w2mYkXPS6YC2bG/0x8k=
github.com/cwbudde/mathtext v0.5.3 h1:6OrE6EjQiAH/EtOyh/4n4Gy+1pHHIjGMz9UeQ8x0aoo=
github.com/cwbudde/mathtext v0.5.3/go.mod h1:U+8ryw66DJYX8UerM5kgtA2QVG5Y+f/4m5eqZxKwD2k=
github.com/cwbudde/qhull-go v0.1.0 h1:xededYDzEFqV/HPNQToH+oZwoMwmPEoqmDrKket87uA=
github.com/cwbudde/qhull-go v0.1.0/go.mod h1:S5kseVfeEObgl1XoL1UAi+eNMr7lnrJmuPJolqAHmF8=
github.com/go-text/typesetting v0.3.4 h1:YYurUOtEb9kGSOz4uE3k4OpBGsp1dDL8+fjCeaFamAU=
github.com/go-text/typesetting v0.3.4/go.mod h1:4qZCQphq4KSgGTAeI0uMEkVbROgfah8BuyF5LRYr7XY=
github.com/madelynnblue/go-dsp v1.0.0 h1:ufzvSGl8IdjCA6BFVUx1cZW/aDiiXxDBWU1MpkrtAiM=
github.com/madelynnblue/go-dsp v1.0.0/go.mod h1:dpf07Rj/u3te6cW3KwRBAqlyjP4InXHhNaYVuY73hHU=
github.com/takatoh/fft v1.3.1 h1:ceIqTnpHhEtTx9TLzCZk4IMFPjmyLAGOuDhJyM8TtcI=
github.com/takatoh/fft v1.3.1/go.mod h1:3fyQd3uNvCVhtUSUHBegMOc9STt0Qj1AC9MDpr2eA9I=
golang.org/x/exp/shiny v0.0.0-20260611194520-c48552f49976 h1:xAKfctaZuXDxw/I98uYRl7TXMBy4a1BgPgl7NavbrdY=
golang.org/x/exp/shiny v0.0.0-20260611194520-c48552f49976/go.mod h1:UXxgIHNj0uSRIk9ua62CRJcUpfHN9V+cRZRXHEo4GhE=
golang.org/x/image v0.42.0 h1:1gSs6ehNWXLbkHBIPcWztk3D/6aIA/8hauiAYtlodVY=
golang.org/x/image v0.42.0/go.mod h1:rrpelvGFt+kLPAjPM4HeWPgrl0FtafueU//e5N0qk/Q=
golang.org/x/net v0.56.0 h1:Rw8j/hFzGvJUZwNBXnAtf5sVDVt+65SK2C7IxCxZt5o=
golang.org/x/net v0.56.0/go.mod h1:D3Ku6r+V6JROoZK144D2XfMHFcMq/0zSfLelVTCFKec=
golang.org/x/sys v0.46.0 h1:noSf2Fq6F8DBgS+LysIkx7rIExoNHJsxOAtPp4rthXw=
golang.org/x/sys v0.46.0/go.mod h1:4GL1E5IUh+htKOUEOaiffhrAeqysfVGipDYzABqnCmw=
golang.org/x/text v0.38.0 h1:sXmwo9DwP3OK9EZ7PqAdaooSGozfl/3a6/xJcbzPRhE=
golang.org/x/text v0.38.0/go.mod h1:YXZt3QhHUKYT53r2lLKFIVi6Ao1jdzrTR/KQ09qyxF4=
gonum.org/v1/gonum v0.17.0 h1:VbpOemQlsSMrYmn7T2OUvQ4dqxQXU+ouZFQsZOx50z4=
gonum.org/v1/gonum v0.17.0/go.mod h1:El3tOrEuMpv2UdMrbNlKEh9vd86bmQ6vqIcDwxEOc1E=
